{
  "name": "RareSkillsWeek1",
  "lockfileVersion": 3,
  "requires": true,
  "packages": {
    "": {
      "dependencies": {
        "erc-payable-token": "^4.9.5"
      }
    },
    "node_modules/@openzeppelin/contracts": {
      "version": "4.9.3",
      "resolved": "https://registry.npmjs.org/@openzeppelin/contracts/-/contracts-4.9.3.tgz",
      "integrity": "sha512-He3LieZ1pP2TNt5JbkPA4PNT9WC3gOTOlDcFGJW4Le4QKqwmiNJCRt44APfxMxvq7OugU/cqYuPcSBzOw38DAg=="
    },
    "node_modules/erc-payable-token": {
      "version": "4.9.5",
      "resolved": "https://registry.npmjs.org/erc-payable-token/-/erc-payable-token-4.9.5.tgz",
      "integrity": "sha512-ylJ7UehwY/Zfx7ajU8KDgoUWZa8gbsI3/Oxyy8W+EO/rILRm/sgCKfEh1BtDSIU13iGsjcWw4Zf8Z0w1dEeLhA==",
      "dependencies": {
        "@openzeppelin/contracts": "4.9.3"
      }
    }
  }
}
